
Microsoft Visual Studio Solution File, Format Version 12.00
# Visual Studio Version 17
VisualStudioVersion = 17.7.34018.315
MinimumVisualStudioVersion = 10.0.40219.1
Project("{2150E333-8FDC-42A3-9474-1A3956D46DE8}") = "BookingService", "BookingService", "{C9AE1D38-432B-4691-A965-F686E08384BA}"
EndProject
Project("{2150E333-8FDC-42A3-9474-1A3956D46DE8}") = "PaymenteService", "PaymenteService", "{EF9C08C0-FA8F-4FA3-86B1-2042B2AA0643}"
EndProject
Project("{2150E333-8FDC-42A3-9474-1A3956D46DE8}") = "Core", "Core", "{3AB32921-AE00-4CE1-B582-0A5D8D99C332}"
EndProject
Project("{2150E333-8FDC-42A3-9474-1A3956D46DE8}") = "Domain", "Domain", "{FB93A0AB-8C55-4004-9752-07E7B7858372}"
EndProject
Project("{2150E333-8FDC-42A3-9474-1A3956D46DE8}") = "Application", "Application", "{168C6825-D3C6-49AA-AB49-07E5DB5F3323}"
EndProject
Project("{2150E333-8FDC-42A3-9474-1A3956D46DE8}") = "Adapters", "Adapters", "{1A311A08-0499-4D15-911E-FAE9AA7804B2}"
EndProject
Project("{2150E333-8FDC-42A3-9474-1A3956D46DE8}") = "Consumers", "Consumers", "{842CEA4D-6936-427A-B863-11A2BBF9D56E}"
EndProject
Project("{2150E333-8FDC-42A3-9474-1A3956D46DE8}") = "Tests", "Tests", "{DBACAAA0-D8DB-47AF-ADFD-2394BBF7B0A7}"
EndProject
Project("{2150E333-8FDC-42A3-9474-1A3956D46DE8}") = "Domain", "Domain", "{365BD9A8-0171-441C-9218-AEC9D1402465}"
EndProject
Project("{2150E333-8FDC-42A3-9474-1A3956D46DE8}") = "Application", "Application", "{03C284EE-D45E-4502-AEFD-658811E97775}"
EndProject
Project("{2150E333-8FDC-42A3-9474-1A3956D46DE8}") = "Adapters", "Adapters", "{C9042FDF-AF95-4C65-9F99-0A7B9F51C59C}"
EndProject
Project("{9A19103F-16F7-4668-BE54-9A1E7A4F7556}") = "DomainTests", "BookingService\Tests\Domain\DomainTests\DomainTests.csproj", "{11DEDEAE-D849-4BA7-92B4-ED0B4479DA66}"
EndProject
Project("{9A19103F-16F7-4668-BE54-9A1E7A4F7556}") = "ApplicationTests", "BookingService\Tests\Application\ApplicationTests\ApplicationTests.csproj", "{559A0B1F-CD47-443B-A191-59703CD494B5}"
EndProject
Project("{9A19103F-16F7-4668-BE54-9A1E7A4F7556}") = "AdaptersTests", "BookingService\Tests\Adapters\AdaptersTests\AdaptersTests.csproj", "{8923434F-EB89-4290-9180-B3075616C0E0}"
EndProject
Project("{9A19103F-16F7-4668-BE54-9A1E7A4F7556}") = "API", "BookingService\Consumers\API\API.csproj", "{449B4D49-1127-4943-B07C-C5C14F0C058E}"
EndProject
Project("{9A19103F-16F7-4668-BE54-9A1E7A4F7556}") = "Data", "BookingService\Adapters\Data\Data.csproj", "{38584AA6-D17D-4483-B7F5-CBA06D4D7D81}"
EndProject
Project("{9A19103F-16F7-4668-BE54-9A1E7A4F7556}") = "Application", "BookingService\Core\Application\Application.csproj", "{48A00401-0246-48CE-9739-5F26B09F66EE}"
EndProject
Project("{9A19103F-16F7-4668-BE54-9A1E7A4F7556}") = "Domain", "BookingService\Core\Domain\Domain.csproj", "{FB7FDD6E-CC11-4C1B-839B-36A9D3C7D22E}"
EndProject
Global
	GlobalSection(SolutionConfigurationPlatforms) = preSolution
		Debug|Any CPU = Debug|Any CPU
		Release|Any CPU = Release|Any CPU
	EndGlobalSection
	GlobalSection(ProjectConfigurationPlatforms) = postSolution
		{11DEDEAE-D849-4BA7-92B4-ED0B4479DA66}.Debug|Any CPU.ActiveCfg = Debug|Any CPU
		{11DEDEAE-D849-4BA7-92B4-ED0B4479DA66}.Debug|Any CPU.Build.0 = Debug|Any CPU
		{11DEDEAE-D849-4BA7-92B4-ED0B4479DA66}.Release|Any CPU.ActiveCfg = Release|Any CPU
		{11DEDEAE-D849-4BA7-92B4-ED0B4479DA66}.Release|Any CPU.Build.0 = Release|Any CPU
		{559A0B1F-CD47-443B-A191-59703CD494B5}.Debug|Any CPU.ActiveCfg = Debug|Any CPU
		{559A0B1F-CD47-443B-A191-59703CD494B5}.Debug|Any CPU.Build.0 = Debug|Any CPU
		{559A0B1F-CD47-443B-A191-59703CD494B5}.Release|Any CPU.ActiveCfg = Release|Any CPU
		{559A0B1F-CD47-443B-A191-59703CD494B5}.Release|Any CPU.Build.0 = Release|Any CPU
		{8923434F-EB89-4290-9180-B3075616C0E0}.Debug|Any CPU.ActiveCfg = Debug|Any CPU
		{8923434F-EB89-4290-9180-B3075616C0E0}.Debug|Any CPU.Build.0 = Debug|Any CPU
		{8923434F-EB89-4290-9180-B3075616C0E0}.Release|Any CPU.ActiveCfg = Release|Any CPU
		{8923434F-EB89-4290-9180-B3075616C0E0}.Release|Any CPU.Build.0 = Release|Any CPU
		{449B4D49-1127-4943-B07C-C5C14F0C058E}.Debug|Any CPU.ActiveCfg = Debug|Any CPU
		{449B4D49-1127-4943-B07C-C5C14F0C058E}.Debug|Any CPU.Build.0 = Debug|Any CPU
		{449B4D49-1127-4943-B07C-C5C14F0C058E}.Release|Any CPU.ActiveCfg = Release|Any CPU
		{449B4D49-1127-4943-B07C-C5C14F0C058E}.Release|Any CPU.Build.0 = Release|Any CPU
		{38584AA6-D17D-4483-B7F5-CBA06D4D7D81}.Debug|Any CPU.ActiveCfg = Debug|Any CPU
		{38584AA6-D17D-4483-B7F5-CBA06D4D7D81}.Debug|Any CPU.Build.0 = Debug|Any CPU
		{38584AA6-D17D-4483-B7F5-CBA06D4D7D81}.Release|Any CPU.ActiveCfg = Release|Any CPU
		{38584AA6-D17D-4483-B7F5-CBA06D4D7D81}.Release|Any CPU.Build.0 = Release|Any CPU
		{48A00401-0246-48CE-9739-5F26B09F66EE}.Debug|Any CPU.ActiveCfg = Debug|Any CPU
		{48A00401-0246-48CE-9739-5F26B09F66EE}.Debug|Any CPU.Build.0 = Debug|Any CPU
		{48A00401-0246-48CE-9739-5F26B09F66EE}.Release|Any CPU.ActiveCfg = Release|Any CPU
		{48A00401-0246-48CE-9739-5F26B09F66EE}.Release|Any CPU.Build.0 = Release|Any CPU
		{FB7FDD6E-CC11-4C1B-839B-36A9D3C7D22E}.Debug|Any CPU.ActiveCfg = Debug|Any CPU
		{FB7FDD6E-CC11-4C1B-839B-36A9D3C7D22E}.Debug|Any CPU.Build.0 = Debug|Any CPU
		{FB7FDD6E-CC11-4C1B-839B-36A9D3C7D22E}.Release|Any CPU.ActiveCfg = Release|Any CPU
		{FB7FDD6E-CC11-4C1B-839B-36A9D3C7D22E}.Release|Any CPU.Build.0 = Release|Any CPU
	EndGlobalSection
	GlobalSection(SolutionProperties) = preSolution
		HideSolutionNode = FALSE
	EndGlobalSection
	GlobalSection(NestedProjects) = preSolution
		{3AB32921-AE00-4CE1-B582-0A5D8D99C332} = {C9AE1D38-432B-4691-A965-F686E08384BA}
		{FB93A0AB-8C55-4004-9752-07E7B7858372} = {3AB32921-AE00-4CE1-B582-0A5D8D99C332}
		{168C6825-D3C6-49AA-AB49-07E5DB5F3323} = {3AB32921-AE00-4CE1-B582-0A5D8D99C332}
		{1A311A08-0499-4D15-911E-FAE9AA7804B2} = {C9AE1D38-432B-4691-A965-F686E08384BA}
		{842CEA4D-6936-427A-B863-11A2BBF9D56E} = {C9AE1D38-432B-4691-A965-F686E08384BA}
		{DBACAAA0-D8DB-47AF-ADFD-2394BBF7B0A7} = {C9AE1D38-432B-4691-A965-F686E08384BA}
		{365BD9A8-0171-441C-9218-AEC9D1402465} = {DBACAAA0-D8DB-47AF-ADFD-2394BBF7B0A7}
		{03C284EE-D45E-4502-AEFD-658811E97775} = {DBACAAA0-D8DB-47AF-ADFD-2394BBF7B0A7}
		{C9042FDF-AF95-4C65-9F99-0A7B9F51C59C} = {DBACAAA0-D8DB-47AF-ADFD-2394BBF7B0A7}
		{11DEDEAE-D849-4BA7-92B4-ED0B4479DA66} = {365BD9A8-0171-441C-9218-AEC9D1402465}
		{559A0B1F-CD47-443B-A191-59703CD494B5} = {03C284EE-D45E-4502-AEFD-658811E97775}
		{8923434F-EB89-4290-9180-B3075616C0E0} = {C9042FDF-AF95-4C65-9F99-0A7B9F51C59C}
		{449B4D49-1127-4943-B07C-C5C14F0C058E} = {842CEA4D-6936-427A-B863-11A2BBF9D56E}
		{38584AA6-D17D-4483-B7F5-CBA06D4D7D81} = {1A311A08-0499-4D15-911E-FAE9AA7804B2}
		{48A00401-0246-48CE-9739-5F26B09F66EE} = {168C6825-D3C6-49AA-AB49-07E5DB5F3323}
		{FB7FDD6E-CC11-4C1B-839B-36A9D3C7D22E} = {FB93A0AB-8C55-4004-9752-07E7B7858372}
	EndGlobalSection
	GlobalSection(ExtensibilityGlobals) = postSolution
		SolutionGuid = {411C9833-DB18-4977-8842-2CBE3716B524}
	EndGlobalSection
EndGlobal
